
Microsoft Visual Studio Solution File, Format Version 12.00
# Visual Studio 15
VisualStudioVersion = 15.0.27703.2047
MinimumVisualStudioVersion = 10.0.40219.1
Project("{159641D6-6404-4A2A-AE62-294DE0FE8301}") = "DataFlowTraining", "DataFlowTraining\DataFlowTraining.dtproj", "{A45758DE-BBD1-445A-9D41-F99E48336D1F}"
EndProject
Global
	GlobalSection(SolutionConfigurationPlatforms) = preSolution
		Development|Default = Development|Default
	EndGlobalSection
	GlobalSection(ProjectConfigurationPlatforms) = postSolution
		{A45758DE-BBD1-445A-9D41-F99E48336D1F}.Development|Default.ActiveCfg = Development
		{A45758DE-BBD1-445A-9D41-F99E48336D1F}.Development|Default.Build.0 = Development
	EndGlobalSection
	GlobalSection(SolutionProperties) = preSolution
		HideSolutionNode = FALSE
	EndGlobalSection
	GlobalSection(ExtensibilityGlobals) = postSolution
		SolutionGuid = {83D37C2F-DCA5-427C-A6B7-C9CD58A22F37}
	EndGlobalSection
EndGlobal
